
Microsoft Visual Studio Solution File, Format Version 12.00
# Visual Studio 14
VisualStudioVersion = 14.0.23107.0
MinimumVisualStudioVersion = 10.0.40219.1
Project("{FAE04EC0-301F-11D3-BF4B-00C04F79EFBC}") = "KorisniAlati", "KorisniAlati\KorisniAlati.csproj", "{FF54BB02-ED78-48B8-96E8-1A0496477CF6}"
EndProject
Project("{2150E333-8FDC-42A3-9474-1A3956D46DE8}") = "Solution Items", "Solution Items", "{DB43044A-2056-44EB-AAAE-1E4EE4C35BE1}"
	ProjectSection(SolutionItems) = preProject
		KorisniAlati\CusDec.xsd = KorisniAlati\CusDec.xsd
		KorisniAlati\ElSubWs.wsdl = KorisniAlati\ElSubWs.wsdl
		KorisniAlati\fReports.Designer.cs = KorisniAlati\fReports.Designer.cs
	EndProjectSection
EndProject
Global
	GlobalSection(SolutionConfigurationPlatforms) = preSolution
		Debug|Any CPU = Debug|Any CPU
		Release|Any CPU = Release|Any CPU
	EndGlobalSection
	GlobalSection(ProjectConfigurationPlatforms) = postSolution
		{FF54BB02-ED78-48B8-96E8-1A0496477CF6}.Debug|Any CPU.ActiveCfg = Debug|Any CPU
		{FF54BB02-ED78-48B8-96E8-1A0496477CF6}.Debug|Any CPU.Build.0 = Debug|Any CPU
		{FF54BB02-ED78-48B8-96E8-1A0496477CF6}.Release|Any CPU.ActiveCfg = Release|Any CPU
		{FF54BB02-ED78-48B8-96E8-1A0496477CF6}.Release|Any CPU.Build.0 = Release|Any CPU
	EndGlobalSection
	GlobalSection(SolutionProperties) = preSolution
		HideSolutionNode = FALSE
	EndGlobalSection
EndGlobal
